
Microsoft Visual Studio Solution File, Format Version 12.00
# Visual Studio Version 16
VisualStudioVersion = 16.0.29512.175
MinimumVisualStudioVersion = 10.0.40219.1
Project("{9A19103F-16F7-4668-BE54-9A1E7A4F7556}") = "WebAPI", "WebAPI\WebAPI.csproj", "{EFB8FAB6-6093-416C-8D6A-3B6700BB28C3}"
EndProject
Project("{2150E333-8FDC-42A3-9474-1A3956D46DE8}") = "Solution Items", "Solution Items", "{AD190F31-DE59-42C5-8FAE-2EBBA2AF9347}"
	ProjectSection(SolutionItems) = preProject
		README.md = README.md
	EndProjectSection
EndProject
Project("{FAE04EC0-301F-11D3-BF4B-00C04F79EFBC}") = "Models", "PaymentGateway.Models\Models.csproj", "{1A86864B-91C7-4F7C-8BFF-915BA2917DD2}"
EndProject
Project("{FAE04EC0-301F-11D3-BF4B-00C04F79EFBC}") = "Core", "PaymentGateway.Core\Core.csproj", "{DD64D57A-E499-4CD0-A0ED-4D6DD74134F6}"
EndProject
Global
	GlobalSection(SolutionConfigurationPlatforms) = preSolution
		Debug|Any CPU = Debug|Any CPU
		Release|Any CPU = Release|Any CPU
	EndGlobalSection
	GlobalSection(ProjectConfigurationPlatforms) = postSolution
		{EFB8FAB6-6093-416C-8D6A-3B6700BB28C3}.Debug|Any CPU.ActiveCfg = Debug|Any CPU
		{EFB8FAB6-6093-416C-8D6A-3B6700BB28C3}.Debug|Any CPU.Build.0 = Debug|Any CPU
		{EFB8FAB6-6093-416C-8D6A-3B6700BB28C3}.Release|Any CPU.ActiveCfg = Release|Any CPU
		{EFB8FAB6-6093-416C-8D6A-3B6700BB28C3}.Release|Any CPU.Build.0 = Release|Any CPU
		{1A86864B-91C7-4F7C-8BFF-915BA2917DD2}.Debug|Any CPU.ActiveCfg = Debug|Any CPU
		{1A86864B-91C7-4F7C-8BFF-915BA2917DD2}.Debug|Any CPU.Build.0 = Debug|Any CPU
		{1A86864B-91C7-4F7C-8BFF-915BA2917DD2}.Release|Any CPU.ActiveCfg = Release|Any CPU
		{1A86864B-91C7-4F7C-8BFF-915BA2917DD2}.Release|Any CPU.Build.0 = Release|Any CPU
		{DD64D57A-E499-4CD0-A0ED-4D6DD74134F6}.Debug|Any CPU.ActiveCfg = Debug|Any CPU
		{DD64D57A-E499-4CD0-A0ED-4D6DD74134F6}.Debug|Any CPU.Build.0 = Debug|Any CPU
		{DD64D57A-E499-4CD0-A0ED-4D6DD74134F6}.Release|Any CPU.ActiveCfg = Release|Any CPU
		{DD64D57A-E499-4CD0-A0ED-4D6DD74134F6}.Release|Any CPU.Build.0 = Release|Any CPU
	EndGlobalSection
	GlobalSection(SolutionProperties) = preSolution
		HideSolutionNode = FALSE
	EndGlobalSection
	GlobalSection(ExtensibilityGlobals) = postSolution
		SolutionGuid = {7D090AEC-DB8D-472E-80E0-02142FEB56CC}
	EndGlobalSection
EndGlobal
